
Microsoft Visual Studio Solution File, Format Version 12.00
# Visual Studio Version 17
VisualStudioVersion = 17.8.34330.188
MinimumVisualStudioVersion = 10.0.40219.1
Project("{FAE04EC0-301F-11D3-BF4B-00C04F79EFBC}") = "ConsoleApp4", "ConsoleApp4\ConsoleApp4.csproj", "{AB0D0C6E-391A-4A2F-896A-B23DCA836C61}"
EndProject
Global
	GlobalSection(SolutionConfigurationPlatforms) = preSolution
		Debug|Any CPU = Debug|Any CPU
		Release|Any CPU = Release|Any CPU
	EndGlobalSection
	GlobalSection(ProjectConfigurationPlatforms) = postSolution
		{AB0D0C6E-391A-4A2F-896A-B23DCA836C61}.Debug|Any CPU.ActiveCfg = Debug|Any CPU
		{AB0D0C6E-391A-4A2F-896A-B23DCA836C61}.Debug|Any CPU.Build.0 = Debug|Any CPU
		{AB0D0C6E-391A-4A2F-896A-B23DCA836C61}.Release|Any CPU.ActiveCfg = Release|Any CPU
		{AB0D0C6E-391A-4A2F-896A-B23DCA836C61}.Release|Any CPU.Build.0 = Release|Any CPU
	EndGlobalSection
	GlobalSection(SolutionProperties) = preSolution
		HideSolutionNode = FALSE
	EndGlobalSection
	GlobalSection(ExtensibilityGlobals) = postSolution
		SolutionGuid = {B4BD48CC-A068-4961-BAE0-25D5325448CE}
	EndGlobalSection
EndGlobal
